// !$*UTF8*$!
{
	archiveVersion = 1;
	classes = {
	};
	objectVersion = 55;
	objects = {

/* Begin PBXBuildFile section */
		01FBE11928A657490088A884 /* AppDelegate.swift in Sources */ = {isa = PBXBuildFile; fileRef = 01FBE11828A657490088A884 /* AppDelegate.swift */; };
		01FBE11B28A657490088A884 /* SceneDelegate.swift in Sources */ = {isa = PBXBuildFile; fileRef = 01FBE11A28A657490088A884 /* SceneDelegate.swift */; };
		01FBE11D28A657490088A884 /* ViewController.swift in Sources */ = {isa = PBXBuildFile; fileRef = 01FBE11C28A657490088A884 /* ViewController.swift */; };
		01FBE12028A657490088A884 /* Main.storyboard in Resources */ = {isa = PBXBuildFile; fileRef = 01FBE11E28A657490088A884 /* Main.storyboard */; };
		01FBE12328A657490088A884 /* gitHubDemo.xcdatamodeld in Sources */ = {isa = PBXBuildFile; fileRef = 01FBE12128A657490088A884 /* gitHubDemo.xcdatamodeld */; };
		01FBE12528A6574B0088A884 /* Assets.xcassets in Resources */ = {isa = PBXBuildFile; fileRef = 01FBE12428A6574B0088A884 /* Assets.xcassets */; };
		01FBE12828A6574B0088A884 /* LaunchScreen.storyboard in Resources */ = {isa = PBXBuildFile; fileRef = 01FBE12628A6574B0088A884 /* LaunchScreen.storyboard */; };
		01FBE13328A6574B0088A884 /* gitHubDemoTests.swift in Sources */ = {isa = PBXBuildFile; fileRef = 01FBE13228A6574B0088A884 /* gitHubDemoTests.swift */; };
		01FBE13D28A6574B0088A884 /* gitHubDemoUITests.swift in Sources */ = {isa = PBXBuildFile; fileRef = 01FBE13C28A6574B0088A884 /* gitHubDemoUITests.swift */; };
		01FBE13F28A6574B0088A884 /* gitHubDemoUITestsLaunchTests.swift in Sources */ = {isa = PBXBuildFile; fileRef = 01FBE13E28A6574B0088A884 /* gitHubDemoUITestsLaunchTests.swift */; };
/* End PBXBuildFile section */

/* Begin PBXContainerItemProxy section */
		01FBE12F28A6574B0088A884 /* PBXContainerItemProxy */ = {
			isa = PBXContainerItemProxy;
			containerPortal = 01FBE10D28A657490088A884 /* Project object */;
			proxyType = 1;
			remoteGlobalIDString = 01FBE11428A657490088A884;
			remoteInfo = gitHubDemo;
		};
		01FBE13928A6574B0088A884 /* PBXContainerItemProxy */ = {
			isa = PBXContainerItemProxy;
			containerPortal = 01FBE10D28A657490088A884 /* Project object */;
			proxyType = 1;
			remoteGlobalIDString = 01FBE11428A657490088A884;
			remoteInfo = gitHubDemo;
		};
/* End PBXContainerItemProxy section */

/* Begin PBXFileReference section */
		01FBE11528A657490088A884 /* gitHubDemo.app */ = {isa = PBXFileReference; explicitFileType = wrapper.application; includeInIndex = 0; path = gitHubDemo.app; sourceTree = BUILT_PRODUCTS_DIR; };
		01FBE11828A657490088A884 /* AppDelegate.swift */ = {isa = PBXFileReference; lastKnownFileType = sourcecode.swift; path = AppDelegate.swift; sourceTree = "<group>"; };
		01FBE11A28A657490088A884 /* SceneDelegate.swift */ = {isa = PBXFileReference; lastKnownFileType = sourcecode.swift; path = SceneDelegate.swift; sourceTree = "<group>"; };
		01FBE11C28A657490088A884 /* ViewController.swift */ = {isa = PBXFileReference; lastKnownFileType = sourcecode.swift; path = ViewController.swift; sourceTree = "<group>"; };
		01FBE11F28A657490088A884 /* Base */ = {isa = PBXFileReference; lastKnownFileType = file.storyboard; name = Base; path = Base.lproj/Main.storyboard; sourceTree = "<group>"; };
		01FBE12228A657490088A884 /* gitHubDemo.xcdatamodel */ = {isa = PBXFileReference; lastKnownFileType = wrapper.xcdatamodel; path = gitHubDemo.xcdatamodel; sourceTree = "<group>"; };
		01FBE12428A6574B0088A884 /* Assets.xcassets */ = {isa = PBXFileReference; lastKnownFileType = folder.assetcatalog; path = Assets.xcassets; sourceTree = "<group>"; };
		01FBE12728A6574B0088A884 /* Base */ = {isa = PBXFileReference; lastKnownFileType = file.storyboard; name = Base; path = Base.lproj/LaunchScreen.storyboard; sourceTree = "<group>"; };
		01FBE12928A6574B0088A884 /* Info.plist */ = {isa = PBXFileReference; lastKnownFileType = text.plist.xml; path = Info.plist; sourceTree = "<group>"; };
		01FBE12E28A6574B0088A884 /* gitHubDemoTests.xctest */ = {isa = PBXFileReference; explicitFileType = wrapper.cfbundle; includeInIndex = 0; path = gitHubDemoTests.xctest; sourceTree = BUILT_PRODUCTS_DIR; };
		01FBE13228A6574B0088A884 /* gitHubDemoTests.swift */ = {isa = PBXFileReference; lastKnownFileType = sourcecode.swift; path = gitHubDemoTests.swift; sourceTree = "<group>"; };
		01FBE13828A6574B0088A884 /* gitHubDemoUITests.xctest */ = {isa = PBXFileReference; explicitFileType = wrapper.cfbundle; includeInIndex = 0; path = gitHubDemoUITests.xctest; sourceTree = BUILT_PRODUCTS_DIR; };
		01FBE13C28A6574B0088A884 /* gitHubDemoUITests.swift */ = {isa = PBXFileReference; lastKnownFileType = sourcecode.swift; path = gitHubDemoUITests.swift; sourceTree = "<group>"; };
		01FBE13E28A6574B0088A884 /* gitHubDemoUITestsLaunchTests.swift */ = {isa = PBXFileReference; lastKnownFileType = sourcecode.swift; path = gitHubDemoUITestsLaunchTests.swift; sourceTree = "<group>"; };
/* End PBXFileReference section */

/* Begin PBXFrameworksBuildPhase section */
		01FBE11228A657490088A884 /* Frameworks */ = {
			isa = PBXFrameworksBuildPhase;
			buildActionMask = 2147483647;
			files = (
			);
			runOnlyForDeploymentPostprocessing = 0;
		};
		01FBE12B28A6574B0088A884 /* Frameworks */ = {
			isa = PBXFrameworksBuildPhase;
			buildActionMask = 2147483647;
			files = (
			);
			runOnlyForDeploymentPostprocessing = 0;
		};
		01FBE13528A6574B0088A884 /* Frameworks */ = {
			isa = PBXFrameworksBuildPhase;
			buildActionMask = 2147483647;
			files = (
			);
			runOnlyForDeploymentPostprocessing = 0;
		};
/* End PBXFrameworksBuildPhase section */

/* Begin PBXGroup section */
		01FBE10C28A657490088A884 = {
			isa = PBXGroup;
			children = (
				01FBE11728A657490088A884 /* gitHubDemo */,
				01FBE13128A6574B0088A884 /* gitHubDemoTests */,
				01FBE13B28A6574B0088A884 /* gitHubDemoUITests */,
				01FBE11628A657490088A884 /* Products */,
			);
			sourceTree = "<group>";
		};
		01FBE11628A657490088A884 /* Products */ = {
			isa = PBXGroup;
			children = (
				01FBE11528A657490088A884 /* gitHubDemo.app */,
				01FBE12E28A6574B0088A884 /* gitHubDemoTests.xctest */,
				01FBE13828A6574B0088A884 /* gitHubDemoUITests.xctest */,
			);
			name = Products;
			sourceTree = "<group>";
		};
		01FBE11728A657490088A884 /* gitHubDemo */ = {
			isa = PBXGroup;
			children = (
				01FBE11828A657490088A884 /* AppDelegate.swift */,
				01FBE11A28A657490088A884 /* SceneDelegate.swift */,
				01FBE11C28A657490088A884 /* ViewController.swift */,
				01FBE11E28A657490088A884 /* Main.storyboard */,
				01FBE12428A6574B0088A884 /* Assets.xcassets */,
				01FBE12628A6574B0088A884 /* LaunchScreen.storyboard */,
				01FBE12928A6574B0088A884 /* Info.plist */,
				01FBE12128A657490088A884 /* gitHubDemo.xcdatamodeld */,
			);
			path = gitHubDemo;
			sourceTree = "<group>";
		};
		01FBE13128A6574B0088A884 /* gitHubDemoTests */ = {
			isa = PBXGroup;
			children = (
				01FBE13228A6574B0088A884 /* gitHubDemoTests.swift */,
			);
			path = gitHubDemoTests;
			sourceTree = "<group>";
		};
		01FBE13B28A6574B0088A884 /* gitHubDemoUITests */ = {
			isa = PBXGroup;
			children = (
				01FBE13C28A6574B0088A884 /* gitHubDemoUITests.swift */,
				01FBE13E28A6574B0088A884 /* gitHubDemoUITestsLaunchTests.swift */,
			);
			path = gitHubDemoUITests;
			sourceTree = "<group>";
		};
/* End PBXGroup section */

/* Begin PBXNativeTarget section */
		01FBE11428A657490088A884 /* gitHubDemo */ = {
			isa = PBXNativeTarget;
			buildConfigurationList = 01FBE14228A6574B0088A884 /* Build configuration list for PBXNativeTarget "gitHubDemo" */;
			buildPhases = (
				01FBE11128A657490088A884 /* Sources */,
				01FBE11228A657490088A884 /* Frameworks */,
				01FBE11328A657490088A884 /* Resources */,
			);
			buildRules = (
			);
			dependencies = (
			);
			name = gitHubDemo;
			productName = gitHubDemo;
			productReference = 01FBE11528A657490088A884 /* gitHubDemo.app */;
			productType = "com.apple.product-type.application";
		};
		01FBE12D28A6574B0088A884 /* gitHubDemoTests */ = {
			isa = PBXNativeTarget;
			buildConfigurationList = 01FBE14528A6574B0088A884 /* Build configuration list for PBXNativeTarget "gitHubDemoTests" */;
			buildPhases = (
				01FBE12A28A6574B0088A884 /* Sources */,
				01FBE12B28A6574B0088A884 /* Frameworks */,
				01FBE12C28A6574B0088A884 /* Resources */,
			);
			buildRules = (
			);
			dependencies = (
				01FBE13028A6574B0088A884 /* PBXTargetDependency */,
			);
			name = gitHubDemoTests;
			productName = gitHubDemoTests;
			productReference = 01FBE12E28A6574B0088A884 /* gitHubDemoTests.xctest */;
			productType = "com.apple.product-type.bundle.unit-test";
		};
		01FBE13728A6574B0088A884 /* gitHubDemoUITests */ = {
			isa = PBXNativeTarget;
			buildConfigurationList = 01FBE14828A6574B0088A884 /* Build configuration list for PBXNativeTarget "gitHubDemoUITests" */;
			buildPhases = (
				01FBE13428A6574B0088A884 /* Sources */,
				01FBE13528A6574B0088A884 /* Frameworks */,
				01FBE13628A6574B0088A884 /* Resources */,
			);
			buildRules = (
			);
			dependencies = (
				01FBE13A28A6574B0088A884 /* PBXTargetDependency */,
			);
			name = gitHubDemoUITests;
			productName = gitHubDemoUITests;
			productReference = 01FBE13828A6574B0088A884 /* gitHubDemoUITests.xctest */;
			productType = "com.apple.product-type.bundle.ui-testing";
		};
/* End PBXNativeTarget section */

/* Begin PBXProject section */
		01FBE10D28A657490088A884 /* Project object */ = {
			isa = PBXProject;
			attributes = {
				BuildIndependentTargetsInParallel = 1;
				LastSwiftUpdateCheck = 1340;
				LastUpgradeCheck = 1340;
				TargetAttributes = {
					01FBE11428A657490088A884 = {
						CreatedOnToolsVersion = 13.4.1;
					};
					01FBE12D28A6574B0088A884 = {
						CreatedOnToolsVersion = 13.4.1;
						TestTargetID = 01FBE11428A657490088A884;
					};
					01FBE13728A6574B0088A884 = {
						CreatedOnToolsVersion = 13.4.1;
						TestTargetID = 01FBE11428A657490088A884;
					};
				};
			};
			buildConfigurationList = 01FBE11028A657490088A884 /* Build configuration list for PBXProject "gitHubDemo" */;
			compatibilityVersion = "Xcode 13.0";
			developmentRegion = en;
			hasScannedForEncodings = 0;
			knownRegions = (
				en,
				Base,
			);
			mainGroup = 01FBE10C28A657490088A884;
			productRefGroup = 01FBE11628A657490088A884 /* Products */;
			projectDirPath = "";
			projectRoot = "";
			targets = (
				01FBE11428A657490088A884 /* gitHubDemo */,
				01FBE12D28A6574B0088A884 /* gitHubDemoTests */,
				01FBE13728A6574B0088A884 /* gitHubDemoUITests */,
			);
		};
/* End PBXProject section */

/* Begin PBXResourcesBuildPhase section */
		01FBE11328A657490088A884 /* Resources */ = {
			isa = PBXResourcesBuildPhase;
			buildActionMask = 2147483647;
			files = (
				01FBE12828A6574B0088A884 /* LaunchScreen.storyboard in Resources */,
				01FBE12528A6574B0088A884 /* Assets.xcassets in Resources */,
				01FBE12028A657490088A884 /* Main.storyboard in Resources */,
			);
			runOnlyForDeploymentPostprocessing = 0;
		};
		01FBE12C28A6574B0088A884 /* Resources */ = {
			isa = PBXResourcesBuildPhase;
			buildActionMask = 2147483647;
			files = (
			);
			runOnlyForDeploymentPostprocessing = 0;
		};
		01FBE13628A6574B0088A884 /* Resources */ = {
			isa = PBXResourcesBuildPhase;
			buildActionMask = 2147483647;
			files = (
			);
			runOnlyForDeploymentPostprocessing = 0;
		};
/* End PBXResourcesBuildPhase section */

/* Begin PBXSourcesBuildPhase section */
		01FBE11128A657490088A884 /* Sources */ = {
			isa = PBXSourcesBuildPhase;
			buildActionMask = 2147483647;
			files = (
				01FBE11D28A657490088A884 /* ViewController.swift in Sources */,
				01FBE11928A657490088A884 /* AppDelegate.swift in Sources */,
				01FBE11B28A657490088A884 /* SceneDelegate.swift in Sources */,
				01FBE12328A657490088A884 /* gitHubDemo.xcdatamodeld in Sources */,
			);
			runOnlyForDeploymentPostprocessing = 0;
		};
		01FBE12A28A6574B0088A884 /* Sources */ = {
			isa = PBXSourcesBuildPhase;
			buildActionMask = 2147483647;
			files = (
				01FBE13328A6574B0088A884 /* gitHubDemoTests.swift in Sources */,
			);
			runOnlyForDeploymentPostprocessing = 0;
		};
		01FBE13428A6574B0088A884 /* Sources */ = {
			isa = PBXSourcesBuildPhase;
			buildActionMask = 2147483647;
			files = (
				01FBE13F28A6574B0088A884 /* gitHubDemoUITestsLaunchTests.swift in Sources */,
				01FBE13D28A6574B0088A884 /* gitHubDemoUITests.swift in Sources */,
			);
			runOnlyForDeploymentPostprocessing = 0;
		};
/* End PBXSourcesBuildPhase section */

/* Begin PBXTargetDependency section */
		01FBE13028A6574B0088A884 /* PBXTargetDependency */ = {
			isa = PBXTargetDependency;
			target = 01FBE11428A657490088A884 /* gitHubDemo */;
			targetProxy = 01FBE12F28A6574B0088A884 /* PBXContainerItemProxy */;
		};
		01FBE13A28A6574B0088A884 /* PBXTargetDependency */ = {
			isa = PBXTargetDependency;
			target = 01FBE11428A657490088A884 /* gitHubDemo */;
			targetProxy = 01FBE13928A6574B0088A884 /* PBXContainerItemProxy */;
		};
/* End PBXTargetDependency section */

/* Begin PBXVariantGroup section */
		01FBE11E28A657490088A884 /* Main.storyboard */ = {
			isa = PBXVariantGroup;
			children = (
				01FBE11F28A657490088A884 /* Base */,
			);
			name = Main.storyboard;
			sourceTree = "<group>";
		};
		01FBE12628A6574B0088A884 /* LaunchScreen.storyboard */ = {
			isa = PBXVariantGroup;
			children = (
				01FBE12728A6574B0088A884 /* Base */,
			);
			name = LaunchScreen.storyboard;
			sourceTree = "<group>";
		};
/* End PBXVariantGroup section */

/* Begin XCBuildConfiguration section */
		01FBE14028A6574B0088A884 /* Debug */ = {
			isa = XCBuildConfiguration;
			buildSettings = {
				ALWAYS_SEARCH_USER_PATHS = NO;
				CLANG_ANALYZER_NONNULL = YES;
				CLANG_ANALYZER_NUMBER_OBJECT_CONVERSION = YES_AGGRESSIVE;
				CLANG_CXX_LANGUAGE_STANDARD = "gnu++17";
				CLANG_ENABLE_MODULES = YES;
				CLANG_ENABLE_OBJC_ARC = YES;
				CLANG_ENABLE_OBJC_WEAK = YES;
				CLANG_WARN_BLOCK_CAPTURE_AUTORELEASING = YES;
				CLANG_WARN_BOOL_CONVERSION = YES;
				CLANG_WARN_COMMA = YES;
				CLANG_WARN_CONSTANT_CONVERSION = YES;
				CLANG_WARN_DEPRECATED_OBJC_IMPLEMENTATIONS = YES;
				CLANG_WARN_DIRECT_OBJC_ISA_USAGE = YES_ERROR;
				CLANG_WARN_DOCUMENTATION_COMMENTS = YES;
				CLANG_WARN_EMPTY_BODY = YES;
				CLANG_WARN_ENUM_CONVERSION = YES;
				CLANG_WARN_INFINITE_RECURSION = YES;
				CLANG_WARN_INT_CONVERSION = YES;
				CLANG_WARN_NON_LITERAL_NULL_CONVERSION = YES;
				CLANG_WARN_OBJC_IMPLICIT_RETAIN_SELF = YES;
				CLANG_WARN_OBJC_LITERAL_CONVERSION = YES;
				CLANG_WARN_OBJC_ROOT_CLASS = YES_ERROR;
				CLANG_WARN_QUOTED_INCLUDE_IN_FRAMEWORK_HEADER = YES;
				CLANG_WARN_RANGE_LOOP_ANALYSIS = YES;
				CLANG_WARN_STRICT_PROTOTYPES = YES;
				CLANG_WARN_SUSPICIOUS_MOVE = YES;
				CLANG_WARN_UNGUARDED_AVAILABILITY = YES_AGGRESSIVE;
				CLANG_WARN_UNREACHABLE_CODE = YES;
				CLANG_WARN__DUPLICATE_METHOD_MATCH = YES;
				COPY_PHASE_STRIP = NO;
				DEBUG_INFORMATION_FORMAT = dwarf;
				ENABLE_STRICT_OBJC_MSGSEND = YES;
				ENABLE_TESTABILITY = YES;
				GCC_C_LANGUAGE_STANDARD = gnu11;
				GCC_DYNAMIC_NO_PIC = NO;
				GCC_NO_COMMON_BLOCKS = YES;
				GCC_OPTIMIZATION_LEVEL = 0;
				GCC_PREPROCESSOR_DEFINITIONS = (
					"DEBUG=1",
					"$(inherited)",
				);
				GCC_WARN_64_TO_32_BIT_CONVERSION = YES;
				GCC_WARN_ABOUT_RETURN_TYPE = YES_ERROR;
				GCC_WARN_UNDECLARED_SELECTOR = YES;
				GCC_WARN_UNINITIALIZED_AUTOS = YES_AGGRESSIVE;
				GCC_WARN_UNUSED_FUNCTION = YES;
				GCC_WARN_UNUSED_VARIABLE = YES;
				IPHONEOS_DEPLOYMENT_TARGET = 15.5;
				MTL_ENABLE_DEBUG_INFO = INCLUDE_SOURCE;
				MTL_FAST_MATH = YES;
				ONLY_ACTIVE_ARCH = YES;
				SDKROOT = iphoneos;
				SWIFT_ACTIVE_COMPILATION_CONDITIONS = DEBUG;
				SWIFT_OPTIMIZATION_LEVEL = "-Onone";
			};
			name = Debug;
		};
		01FBE14128A6574B0088A884 /* Release */ = {
			isa = XCBuildConfiguration;
			buildSettings = {
				ALWAYS_SEARCH_USER_PATHS = NO;
				CLANG_ANALYZER_NONNULL = YES;
				CLANG_ANALYZER_NUMBER_OBJECT_CONVERSION = YES_AGGRESSIVE;
				CLANG_CXX_LANGUAGE_STANDARD = "gnu++17";
				CLANG_ENABLE_MODULES = YES;
				CLANG_ENABLE_OBJC_ARC = YES;
				CLANG_ENABLE_OBJC_WEAK = YES;
				CLANG_WARN_BLOCK_CAPTURE_AUTORELEASING = YES;
				CLANG_WARN_BOOL_CONVERSION = YES;
				CLANG_WARN_COMMA = YES;
				CLANG_WARN_CONSTANT_CONVERSION = YES;
				CLANG_WARN_DEPRECATED_OBJC_IMPLEMENTATIONS = YES;
				CLANG_WARN_DIRECT_OBJC_ISA_USAGE = YES_ERROR;
				CLANG_WARN_DOCUMENTATION_COMMENTS = YES;
				CLANG_WARN_EMPTY_BODY = YES;
				CLANG_WARN_ENUM_CONVERSION = YES;
				CLANG_WARN_INFINITE_RECURSION = YES;
				CLANG_WARN_INT_CONVERSION = YES;
				CLANG_WARN_NON_LITERAL_NULL_CONVERSION = YES;
				CLANG_WARN_OBJC_IMPLICIT_RETAIN_SELF = YES;
				CLANG_WARN_OBJC_LITERAL_CONVERSION = YES;
				CLANG_WARN_OBJC_ROOT_CLASS = YES_ERROR;
				CLANG_WARN_QUOTED_INCLUDE_IN_FRAMEWORK_HEADER = YES;
				CLANG_WARN_RANGE_LOOP_ANALYSIS = YES;
				CLANG_WARN_STRICT_PROTOTYPES = YES;
				CLANG_WARN_SUSPICIOUS_MOVE = YES;
				CLANG_WARN_UNGUARDED_AVAILABILITY = YES_AGGRESSIVE;
				CLANG_WARN_UNREACHABLE_CODE = YES;
				CLANG_WARN__DUPLICATE_METHOD_MATCH = YES;
				COPY_PHASE_STRIP = NO;
				DEBUG_INFORMATION_FORMAT = "dwarf-with-dsym";
				ENABLE_NS_ASSERTIONS = NO;
				ENABLE_STRICT_OBJC_MSGSEND = YES;
				GCC_C_LANGUAGE_STANDARD = gnu11;
				GCC_NO_COMMON_BLOCKS = YES;
				GCC_WARN_64_TO_32_BIT_CONVERSION = YES;
				GCC_WARN_ABOUT_RETURN_TYPE = YES_ERROR;
				GCC_WARN_UNDECLARED_SELECTOR = YES;
				GCC_WARN_UNINITIALIZED_AUTOS = YES_AGGRESSIVE;
				GCC_WARN_UNUSED_FUNCTION = YES;
				GCC_WARN_UNUSED_VARIABLE = YES;
				IPHONEOS_DEPLOYMENT_TARGET = 15.5;
				MTL_ENABLE_DEBUG_INFO = NO;
				MTL_FAST_MATH = YES;
				SDKROOT = iphoneos;
				SWIFT_COMPILATION_MODE = wholemodule;
				SWIFT_OPTIMIZATION_LEVEL = "-O";
				VALIDATE_PRODUCT = YES;
			};
			name = Release;
		};
		01FBE14328A6574B0088A884 /* Debug */ = {
			isa = XCBuildConfiguration;
			buildSettings = {
				ASSETCATALOG_COMPILER_APPICON_NAME = AppIcon;
				ASSETCATALOG_COMPILER_GLOBAL_ACCENT_COLOR_NAME = AccentColor;
				CODE_SIGN_STYLE = Automatic;
				CURRENT_PROJECT_VERSION = 1;
				DEVELOPMENT_TEAM = 9DA2LC4NFG;
				GENERATE_INFOPLIST_FILE = YES;
				INFOPLIST_FILE = gitHubDemo/Info.plist;
				INFOPLIST_KEY_UIApplicationSupportsIndirectInputEvents = YES;
				INFOPLIST_KEY_UILaunchStoryboardName = LaunchScreen;
				INFOPLIST_KEY_UIMainStoryboardFile = Main;
				INFOPLIST_KEY_UISupportedInterfaceOrientations_iPad = "UIInterfaceOrientationPortrait UIInterfaceOrientationPortraitUpsideDown UIInterfaceOrientationLandscapeLeft UIInterfaceOrientationLandscapeRight";
				INFOPLIST_KEY_UISupportedInterfaceOrientations_iPhone = "UIInterfaceOrientationPortrait UIInterfaceOrientationLandscapeLeft UIInterfaceOrientationLandscapeRight";
				LD_RUNPATH_SEARCH_PATHS = (
					"$(inherited)",
					"@executable_path/Frameworks",
				);
				MARKETING_VERSION = 1.0;
				PRODUCT_BUNDLE_IDENTIFIER = w.gitHubDemo;
				PRODUCT_NAME = "$(TARGET_NAME)";
				SWIFT_EMIT_LOC_STRINGS = YES;
				SWIFT_VERSION = 5.0;
				TARGETED_DEVICE_FAMILY = "1,2";
			};
			name = Debug;
		};
		01FBE14428A6574B0088A884 /* Release */ = {
			isa = XCBuildConfiguration;
			buildSettings = {
				ASSETCATALOG_COMPILER_APPICON_NAME = AppIcon;
				ASSETCATALOG_COMPILER_GLOBAL_ACCENT_COLOR_NAME = AccentColor;
				CODE_SIGN_STYLE = Automatic;
				CURRENT_PROJECT_VERSION = 1;
				DEVELOPMENT_TEAM = 9DA2LC4NFG;
				GENERATE_INFOPLIST_FILE = YES;
				INFOPLIST_FILE = gitHubDemo/Info.plist;
				INFOPLIST_KEY_UIApplicationSupportsIndirectInputEvents = YES;
				INFOPLIST_KEY_UILaunchStoryboardName = LaunchScreen;
				INFOPLIST_KEY_UIMainStoryboardFile = Main;
				INFOPLIST_KEY_UISupportedInterfaceOrientations_iPad = "UIInterfaceOrientationPortrait UIInterfaceOrientationPortraitUpsideDown UIInterfaceOrientationLandscapeLeft UIInterfaceOrientationLandscapeRight";
				INFOPLIST_KEY_UISupportedInterfaceOrientations_iPhone = "UIInterfaceOrientationPortrait UIInterfaceOrientationLandscapeLeft UIInterfaceOrientationLandscapeRight";
				LD_RUNPATH_SEARCH_PATHS = (
					"$(inherited)",
					"@executable_path/Frameworks",
				);
				MARKETING_VERSION = 1.0;
				PRODUCT_BUNDLE_IDENTIFIER = w.gitHubDemo;
				PRODUCT_NAME = "$(TARGET_NAME)";
				SWIFT_EMIT_LOC_STRINGS = YES;
				SWIFT_VERSION = 5.0;
				TARGETED_DEVICE_FAMILY = "1,2";
			};
			name = Release;
		};
		01FBE14628A6574B0088A884 /* Debug */ = {
			isa = XCBuildConfiguration;
			buildSettings = {
				ALWAYS_EMBED_SWIFT_STANDARD_LIBRARIES = YES;
				BUNDLE_LOADER = "$(TEST_HOST)";
				CODE_SIGN_STYLE = Automatic;
				CURRENT_PROJECT_VERSION = 1;
				DEVELOPMENT_TEAM = 9DA2LC4NFG;
				GENERATE_INFOPLIST_FILE = YES;
				IPHONEOS_DEPLOYMENT_TARGET = 15.5;
				MARKETING_VERSION = 1.0;
				PRODUCT_BUNDLE_IDENTIFIER = w.gitHubDemoTests;
				PRODUCT_NAME = "$(TARGET_NAME)";
				SWIFT_EMIT_LOC_STRINGS = NO;
				SWIFT_VERSION = 5.0;
				TARGETED_DEVICE_FAMILY = "1,2";
				TEST_HOST = "$(BUILT_PRODUCTS_DIR)/gitHubDemo.app/gitHubDemo";
			};
			name = Debug;
		};
		01FBE14728A6574B0088A884 /* Release */ = {
			isa = XCBuildConfiguration;
			buildSettings = {
				ALWAYS_EMBED_SWIFT_STANDARD_LIBRARIES = YES;
				BUNDLE_LOADER = "$(TEST_HOST)";
				CODE_SIGN_STYLE = Automatic;
				CURRENT_PROJECT_VERSION = 1;
				DEVELOPMENT_TEAM = 9DA2LC4NFG;
				GENERATE_INFOPLIST_FILE = YES;
				IPHONEOS_DEPLOYMENT_TARGET = 15.5;
				MARKETING_VERSION = 1.0;
				PRODUCT_BUNDLE_IDENTIFIER = w.gitHubDemoTests;
				PRODUCT_NAME = "$(TARGET_NAME)";
				SWIFT_EMIT_LOC_STRINGS = NO;
				SWIFT_VERSION = 5.0;
				TARGETED_DEVICE_FAMILY = "1,2";
				TEST_HOST = "$(BUILT_PRODUCTS_DIR)/gitHubDemo.app/gitHubDemo";
			};
			name = Release;
		};
		01FBE14928A6574B0088A884 /* Debug */ = {
			isa = XCBuildConfiguration;
			buildSettings = {
				ALWAYS_EMBED_SWIFT_STANDARD_LIBRARIES = YES;
				CODE_SIGN_STYLE = Automatic;
				CURRENT_PROJECT_VERSION = 1;
				DEVELOPMENT_TEAM = 9DA2LC4NFG;
				GENERATE_INFOPLIST_FILE = YES;
				MARKETING_VERSION = 1.0;
				PRODUCT_BUNDLE_IDENTIFIER = w.gitHubDemoUITests;
				PRODUCT_NAME = "$(TARGET_NAME)";
				SWIFT_EMIT_LOC_STRINGS = NO;
				SWIFT_VERSION = 5.0;
				TARGETED_DEVICE_FAMILY = "1,2";
				TEST_TARGET_NAME = gitHubDemo;
			};
			name = Debug;
		};
		01FBE14A28A6574B0088A884 /* Release */ = {
			isa = XCBuildConfiguration;
			buildSettings = {
				ALWAYS_EMBED_SWIFT_STANDARD_LIBRARIES = YES;
				CODE_SIGN_STYLE = Automatic;
				CURRENT_PROJECT_VERSION = 1;
				DEVELOPMENT_TEAM = 9DA2LC4NFG;
				GENERATE_INFOPLIST_FILE = YES;
				MARKETING_VERSION = 1.0;
				PRODUCT_BUNDLE_IDENTIFIER = w.gitHubDemoUITests;
				PRODUCT_NAME = "$(TARGET_NAME)";
				SWIFT_EMIT_LOC_STRINGS = NO;
				SWIFT_VERSION = 5.0;
				TARGETED_DEVICE_FAMILY = "1,2";
				TEST_TARGET_NAME = gitHubDemo;
			};
			name = Release;
		};
/* End XCBuildConfiguration section */

/* Begin XCConfigurationList section */
		01FBE11028A657490088A884 /* Build configuration list for PBXProject "gitHubDemo" */ = {
			isa = XCConfigurationList;
			buildConfigurations = (
				01FBE14028A6574B0088A884 /* Debug */,
				01FBE14128A6574B0088A884 /* Release */,
			);
			defaultConfigurationIsVisible = 0;
			defaultConfigurationName = Release;
		};
		01FBE14228A6574B0088A884 /* Build configuration list for PBXNativeTarget "gitHubDemo" */ = {
			isa = XCConfigurationList;
			buildConfigurations = (
				01FBE14328A6574B0088A884 /* Debug */,
				01FBE14428A6574B0088A884 /* Release */,
			);
			defaultConfigurationIsVisible = 0;
			defaultConfigurationName = Release;
		};
		01FBE14528A6574B0088A884 /* Build configuration list for PBXNativeTarget "gitHubDemoTests" */ = {
			isa = XCConfigurationList;
			buildConfigurations = (
				01FBE14628A6574B0088A884 /* Debug */,
				01FBE14728A6574B0088A884 /* Release */,
			);
			defaultConfigurationIsVisible = 0;
			defaultConfigurationName = Release;
		};
		01FBE14828A6574B0088A884 /* Build configuration list for PBXNativeTarget "gitHubDemoUITests" */ = {
			isa = XCConfigurationList;
			buildConfigurations = (
				01FBE14928A6574B0088A884 /* Debug */,
				01FBE14A28A6574B0088A884 /* Release */,
			);
			defaultConfigurationIsVisible = 0;
			defaultConfigurationName = Release;
		};
/* End XCConfigurationList section */

/* Begin XCVersionGroup section */
		01FBE12128A657490088A884 /* gitHubDemo.xcdatamodeld */ = {
			isa = XCVersionGroup;
			children = (
				01FBE12228A657490088A884 /* gitHubDemo.xcdatamodel */,
			);
			currentVersion = 01FBE12228A657490088A884 /* gitHubDemo.xcdatamodel */;
			path = gitHubDemo.xcdatamodeld;
			sourceTree = "<group>";
			versionGroupType = wrapper.xcdatamodel;
		};
/* End XCVersionGroup section */
	};
	rootObject = 01FBE10D28A657490088A884 /* Project object */;
}
